
Microsoft Visual Studio Solution File, Format Version 12.00
# Visual Studio 2012
Project("{FAE04EC0-301F-11D3-BF4B-00C04F79EFBC}") = "MVC (Major Tom)", "MVC\MVC (Major Tom).csproj", "{547CD3AC-42FE-421F-8238-7FA67CB4B9E9}"
EndProject
Project("{FAE04EC0-301F-11D3-BF4B-00C04F79EFBC}") = "WebAPI (Ground Control)", "WebAPI\WebAPI (Ground Control).csproj", "{0D39D5D9-D9E3-43F7-981E-7DEAF65CC5A0}"
EndProject
Global
	GlobalSection(SolutionConfigurationPlatforms) = preSolution
		Debug|Any CPU = Debug|Any CPU
		Release|Any CPU = Release|Any CPU
	EndGlobalSection
	GlobalSection(ProjectConfigurationPlatforms) = postSolution
		{547CD3AC-42FE-421F-8238-7FA67CB4B9E9}.Debug|Any CPU.ActiveCfg = Debug|Any CPU
		{547CD3AC-42FE-421F-8238-7FA67CB4B9E9}.Debug|Any CPU.Build.0 = Debug|Any CPU
		{547CD3AC-42FE-421F-8238-7FA67CB4B9E9}.Release|Any CPU.ActiveCfg = Release|Any CPU
		{547CD3AC-42FE-421F-8238-7FA67CB4B9E9}.Release|Any CPU.Build.0 = Release|Any CPU
		{0D39D5D9-D9E3-43F7-981E-7DEAF65CC5A0}.Debug|Any CPU.ActiveCfg = Debug|Any CPU
		{0D39D5D9-D9E3-43F7-981E-7DEAF65CC5A0}.Debug|Any CPU.Build.0 = Debug|Any CPU
		{0D39D5D9-D9E3-43F7-981E-7DEAF65CC5A0}.Release|Any CPU.ActiveCfg = Release|Any CPU
		{0D39D5D9-D9E3-43F7-981E-7DEAF65CC5A0}.Release|Any CPU.Build.0 = Release|Any CPU
	EndGlobalSection
	GlobalSection(SolutionProperties) = preSolution
		HideSolutionNode = FALSE
	EndGlobalSection
EndGlobal
